
Microsoft Visual Studio Solution File, Format Version 12.00
# Visual Studio Version 16
VisualStudioVersion = 16.0.32510.428
MinimumVisualStudioVersion = 10.0.40219.1
Project("{8BC9CEB8-8B4A-11D0-8D11-00A0C91BC942}") = "Publisher", "Publisher\Publisher.vcxproj", "{EBE28658-4839-4925-A427-850D536489EA}"
EndProject
Project("{8BC9CEB8-8B4A-11D0-8D11-00A0C91BC942}") = "Subscriber", "Subscriber\Subscriber.vcxproj", "{25D2DCA0-8914-4982-88D2-490CA8F22BA1}"
EndProject
Project("{8BC9CEB8-8B4A-11D0-8D11-00A0C91BC942}") = "Engine", "Engine\Engine.vcxproj", "{AE285064-6236-445D-B6FF-7C33819A00DE}"
EndProject
Global
	GlobalSection(SolutionConfigurationPlatforms) = preSolution
		Debug|x64 = Debug|x64
		Debug|x86 = Debug|x86
		Release|x64 = Release|x64
		Release|x86 = Release|x86
	EndGlobalSection
	GlobalSection(ProjectConfigurationPlatforms) = postSolution
		{EBE28658-4839-4925-A427-850D536489EA}.Debug|x64.ActiveCfg = Debug|x64
		{EBE28658-4839-4925-A427-850D536489EA}.Debug|x64.Build.0 = Debug|x64
		{EBE28658-4839-4925-A427-850D536489EA}.Debug|x86.ActiveCfg = Debug|Win32
		{EBE28658-4839-4925-A427-850D536489EA}.Debug|x86.Build.0 = Debug|Win32
		{EBE28658-4839-4925-A427-850D536489EA}.Release|x64.ActiveCfg = Release|x64
		{EBE28658-4839-4925-A427-850D536489EA}.Release|x64.Build.0 = Release|x64
		{EBE28658-4839-4925-A427-850D536489EA}.Release|x86.ActiveCfg = Release|Win32
		{EBE28658-4839-4925-A427-850D536489EA}.Release|x86.Build.0 = Release|Win32
		{25D2DCA0-8914-4982-88D2-490CA8F22BA1}.Debug|x64.ActiveCfg = Debug|x64
		{25D2DCA0-8914-4982-88D2-490CA8F22BA1}.Debug|x64.Build.0 = Debug|x64
		{25D2DCA0-8914-4982-88D2-490CA8F22BA1}.Debug|x86.ActiveCfg = Debug|Win32
		{25D2DCA0-8914-4982-88D2-490CA8F22BA1}.Debug|x86.Build.0 = Debug|Win32
		{25D2DCA0-8914-4982-88D2-490CA8F22BA1}.Release|x64.ActiveCfg = Release|x64
		{25D2DCA0-8914-4982-88D2-490CA8F22BA1}.Release|x64.Build.0 = Release|x64
		{25D2DCA0-8914-4982-88D2-490CA8F22BA1}.Release|x86.ActiveCfg = Release|Win32
		{25D2DCA0-8914-4982-88D2-490CA8F22BA1}.Release|x86.Build.0 = Release|Win32
		{AE285064-6236-445D-B6FF-7C33819A00DE}.Debug|x64.ActiveCfg = Debug|x64
		{AE285064-6236-445D-B6FF-7C33819A00DE}.Debug|x64.Build.0 = Debug|x64
		{AE285064-6236-445D-B6FF-7C33819A00DE}.Debug|x86.ActiveCfg = Debug|Win32
		{AE285064-6236-445D-B6FF-7C33819A00DE}.Debug|x86.Build.0 = Debug|Win32
		{AE285064-6236-445D-B6FF-7C33819A00DE}.Release|x64.ActiveCfg = Release|x64
		{AE285064-6236-445D-B6FF-7C33819A00DE}.Release|x64.Build.0 = Release|x64
		{AE285064-6236-445D-B6FF-7C33819A00DE}.Release|x86.ActiveCfg = Release|Win32
		{AE285064-6236-445D-B6FF-7C33819A00DE}.Release|x86.Build.0 = Release|Win32
	EndGlobalSection
	GlobalSection(SolutionProperties) = preSolution
		HideSolutionNode = FALSE
	EndGlobalSection
	GlobalSection(ExtensibilityGlobals) = postSolution
		SolutionGuid = {7461F289-A4A2-46C1-B9B8-DE94D308F448}
	EndGlobalSection
EndGlobal
